Microsoft Visual Studio Solution File, Format Version 11.00
# Visual Studio 2010
Project("{E097FAD1-6243-4DAD-9C02-E9B9EFC3FFC1}") = "Assembly-CSharp", "Assembly-CSharp.csproj", "{87325F8A-A540-19FA-DF74-92EB4A3AA7CE}"
EndProject
Project("{E097FAD1-6243-4DAD-9C02-E9B9EFC3FFC1}") = "Assembly-CSharp-Editor-firstpass", "Assembly-CSharp-Editor-firstpass.csproj", "{AD4CEC87-F561-E6A5-921D-8D714E574DD5}"
EndProject
Global
	GlobalSection(SolutionConfigurationPlatforms) = preSolution
		Debug|Any CPU = Debug|Any CPU
		Release|Any CPU = Release|Any CPU
	EndGlobalSection
	GlobalSection(ProjectConfigurationPlatforms) = postSolution
		{87325F8A-A540-19FA-DF74-92EB4A3AA7CE}.Debug|Any CPU.ActiveCfg = Debug|Any CPU
		{87325F8A-A540-19FA-DF74-92EB4A3AA7CE}.Debug|Any CPU.Build.0 = Debug|Any CPU
		{87325F8A-A540-19FA-DF74-92EB4A3AA7CE}.Release|Any CPU.ActiveCfg = Release|Any CPU
		{87325F8A-A540-19FA-DF74-92EB4A3AA7CE}.Release|Any CPU.Build.0 = Release|Any CPU
		{AD4CEC87-F561-E6A5-921D-8D714E574DD5}.Debug|Any CPU.ActiveCfg = Debug|Any CPU
		{AD4CEC87-F561-E6A5-921D-8D714E574DD5}.Debug|Any CPU.Build.0 = Debug|Any CPU
		{AD4CEC87-F561-E6A5-921D-8D714E574DD5}.Release|Any CPU.ActiveCfg = Release|Any CPU
		{AD4CEC87-F561-E6A5-921D-8D714E574DD5}.Release|Any CPU.Build.0 = Release|Any CPU
	EndGlobalSection
	GlobalSection(SolutionProperties) = preSolution
		HideSolutionNode = FALSE
	EndGlobalSection
	GlobalSection(MonoDevelopProperties) = preSolution
		StartupItem = Assembly-CSharp.csproj
	EndGlobalSection
EndGlobal
